// !$*UTF8*$!
{
	archiveVersion = 1;
	classes = {
	};
	objectVersion = 46;
	objects = {

/* Begin PBXBuildFile section */
		26576F131DBEED46003C31CD /* Tab2_1ViewController.m in Sources */ = {isa = PBXBuildFile; fileRef = 26576F111DBEED46003C31CD /* Tab2_1ViewController.m */; };
		26576F141DBEED46003C31CD /* Tab2_1ViewController.xib in Resources */ = {isa = PBXBuildFile; fileRef = 26576F121DBEED46003C31CD /* Tab2_1ViewController.xib */; };
		26C976E11DB87F2B006CCD66 /* main.m in Sources */ = {isa = PBXBuildFile; fileRef = 26C976E01DB87F2B006CCD66 /* main.m */; };
		26C976E41DB87F2B006CCD66 /* AppDelegate.m in Sources */ = {isa = PBXBuildFile; fileRef = 26C976E31DB87F2B006CCD66 /* AppDelegate.m */; };
		26C976EC1DB87F2B006CCD66 /* Assets.xcassets in Resources */ = {isa = PBXBuildFile; fileRef = 26C976EB1DB87F2B006CCD66 /* Assets.xcassets */; };
		26C976EF1DB87F2B006CCD66 /* LaunchScreen.storyboard in Resources */ = {isa = PBXBuildFile; fileRef = 26C976ED1DB87F2B006CCD66 /* LaunchScreen.storyboard */; };
		26C976FA1DB87F2B006CCD66 /* TestProjectTests.m in Sources */ = {isa = PBXBuildFile; fileRef = 26C976F91DB87F2B006CCD66 /* TestProjectTests.m */; };
		26C977051DB87F2B006CCD66 /* TestProjectUITests.m in Sources */ = {isa = PBXBuildFile; fileRef = 26C977041DB87F2B006CCD66 /* TestProjectUITests.m */; };
		26C9771D1DB8B610006CCD66 /* Tab2ViewController.m in Sources */ = {isa = PBXBuildFile; fileRef = 26C9771B1DB8B610006CCD66 /* Tab2ViewController.m */; };
		26C9771E1DB8B610006CCD66 /* Tab2ViewController.xib in Resources */ = {isa = PBXBuildFile; fileRef = 26C9771C1DB8B610006CCD66 /* Tab2ViewController.xib */; };
		26C977221DB8B622006CCD66 /* Tab3ViewController.m in Sources */ = {isa = PBXBuildFile; fileRef = 26C977201DB8B622006CCD66 /* Tab3ViewController.m */; };
		26C977231DB8B622006CCD66 /* Tab3ViewController.xib in Resources */ = {isa = PBXBuildFile; fileRef = 26C977211DB8B622006CCD66 /* Tab3ViewController.xib */; };
		26C9772A1DB8B694006CCD66 /* Tab4ViewController.m in Sources */ = {isa = PBXBuildFile; fileRef = 26C977281DB8B694006CCD66 /* Tab4ViewController.m */; };
		26C9772B1DB8B694006CCD66 /* Tab4ViewController.xib in Resources */ = {isa = PBXBuildFile; fileRef = 26C977291DB8B694006CCD66 /* Tab4ViewController.xib */; };
		26E117521DC0352D004F3565 /* Tab1ViewController.m in Sources */ = {isa = PBXBuildFile; fileRef = 26E117501DC0352D004F3565 /* Tab1ViewController.m */; };
		26E117531DC0352D004F3565 /* Tab1ViewController.xib in Resources */ = {isa = PBXBuildFile; fileRef = 26E117511DC0352D004F3565 /* Tab1ViewController.xib */; };
		26E117571DC0353F004F3565 /* TestTableViewCell.m in Sources */ = {isa = PBXBuildFile; fileRef = 26E117551DC0353F004F3565 /* TestTableViewCell.m */; };
		26E117581DC0353F004F3565 /* TestTableViewCell.xib in Resources */ = {isa = PBXBuildFile; fileRef = 26E117561DC0353F004F3565 /* TestTableViewCell.xib */; };
		26E1175C1DC035EE004F3565 /* Tab3_1ViewController.m in Sources */ = {isa = PBXBuildFile; fileRef = 26E1175A1DC035EE004F3565 /* Tab3_1ViewController.m */; };
		26E1175D1DC035EE004F3565 /* Tab3_1ViewController.xib in Resources */ = {isa = PBXBuildFile; fileRef = 26E1175B1DC035EE004F3565 /* Tab3_1ViewController.xib */; };
		26E117641DC1CA4A004F3565 /* libsqlite3.0.tbd in Frameworks */ = {isa = PBXBuildFile; fileRef = 26E117631DC1CA4A004F3565 /* libsqlite3.0.tbd */; };
		26E1176B1DC1CAB5004F3565 /* TestDBManager.m in Sources */ = {isa = PBXBuildFile; fileRef = 26E117691DC1CAB5004F3565 /* TestDBManager.m */; };
		26E117781DC1CAE0004F3565 /* FMDatabase.m in Sources */ = {isa = PBXBuildFile; fileRef = 26E1176E1DC1CAE0004F3565 /* FMDatabase.m */; };
		26E117791DC1CAE0004F3565 /* FMDatabaseAdditions.m in Sources */ = {isa = PBXBuildFile; fileRef = 26E117701DC1CAE0004F3565 /* FMDatabaseAdditions.m */; };
		26E1177A1DC1CAE0004F3565 /* FMDatabasePool.m in Sources */ = {isa = PBXBuildFile; fileRef = 26E117721DC1CAE0004F3565 /* FMDatabasePool.m */; };
		26E1177B1DC1CAE0004F3565 /* FMDatabaseQueue.m in Sources */ = {isa = PBXBuildFile; fileRef = 26E117741DC1CAE0004F3565 /* FMDatabaseQueue.m */; };
		26E1177C1DC1CAE0004F3565 /* FMResultSet.m in Sources */ = {isa = PBXBuildFile; fileRef = 26E117771DC1CAE0004F3565 /* FMResultSet.m */; };
/* End PBXBuildFile section */

/* Begin PBXContainerItemProxy section */
		26C976F61DB87F2B006CCD66 /* PBXContainerItemProxy */ = {
			isa = PBXContainerItemProxy;
			containerPortal = 26C976D41DB87F2B006CCD66 /* Project object */;
			proxyType = 1;
			remoteGlobalIDString = 26C976DB1DB87F2B006CCD66;
			remoteInfo = TestProject;
		};
		26C977011DB87F2B006CCD66 /* PBXContainerItemProxy */ = {
			isa = PBXContainerItemProxy;
			containerPortal = 26C976D41DB87F2B006CCD66 /* Project object */;
			proxyType = 1;
			remoteGlobalIDString = 26C976DB1DB87F2B006CCD66;
			remoteInfo = TestProject;
		};
/* End PBXContainerItemProxy section */

/* Begin PBXFileReference section */
		26576F101DBEED46003C31CD /* Tab2_1ViewController.h */ = {isa = PBXFileReference; fileEncoding = 4; lastKnownFileType = sourcecode.c.h; name = Tab2_1ViewController.h; path = TestProject/ViewController/Tab2_1ViewController.h; sourceTree = SOURCE_ROOT; };
		26576F111DBEED46003C31CD /* Tab2_1ViewController.m */ = {isa = PBXFileReference; fileEncoding = 4; lastKnownFileType = sourcecode.c.objc; name = Tab2_1ViewController.m; path = TestProject/ViewController/Tab2_1ViewController.m; sourceTree = SOURCE_ROOT; };
		26576F121DBEED46003C31CD /* Tab2_1ViewController.xib */ = {isa = PBXFileReference; fileEncoding = 4; lastKnownFileType = file.xib; name = Tab2_1ViewController.xib; path = TestProject/ViewController/Tab2_1ViewController.xib; sourceTree = SOURCE_ROOT; };
		26C976DC1DB87F2B006CCD66 /* TestProject.app */ = {isa = PBXFileReference; explicitFileType = wrapper.application; includeInIndex = 0; path = TestProject.app; sourceTree = BUILT_PRODUCTS_DIR; };
		26C976E01DB87F2B006CCD66 /* main.m */ = {isa = PBXFileReference; lastKnownFileType = sourcecode.c.objc; path = main.m; sourceTree = "<group>"; };
		26C976E21DB87F2B006CCD66 /* AppDelegate.h */ = {isa = PBXFileReference; lastKnownFileType = sourcecode.c.h; path = AppDelegate.h; sourceTree = "<group>"; };
		26C976E31DB87F2B006CCD66 /* AppDelegate.m */ = {isa = PBXFileReference; lastKnownFileType = sourcecode.c.objc; path = AppDelegate.m; sourceTree = "<group>"; };
		26C976EB1DB87F2B006CCD66 /* Assets.xcassets */ = {isa = PBXFileReference; lastKnownFileType = folder.assetcatalog; path = Assets.xcassets; sourceTree = "<group>"; };
		26C976EE1DB87F2B006CCD66 /* Base */ = {isa = PBXFileReference; lastKnownFileType = file.storyboard; name = Base; path = Base.lproj/LaunchScreen.storyboard; sourceTree = "<group>"; };
		26C976F01DB87F2B006CCD66 /* Info.plist */ = {isa = PBXFileReference; lastKnownFileType = text.plist.xml; path = Info.plist; sourceTree = "<group>"; };
		26C976F51DB87F2B006CCD66 /* TestProjectTests.xctest */ = {isa = PBXFileReference; explicitFileType = wrapper.cfbundle; includeInIndex = 0; path = TestProjectTests.xctest; sourceTree = BUILT_PRODUCTS_DIR; };
		26C976F91DB87F2B006CCD66 /* TestProjectTests.m */ = {isa = PBXFileReference; lastKnownFileType = sourcecode.c.objc; path = TestProjectTests.m; sourceTree = "<group>"; };
		26C976FB1DB87F2B006CCD66 /* Info.plist */ = {isa = PBXFileReference; lastKnownFileType = text.plist.xml; path = Info.plist; sourceTree = "<group>"; };
		26C977001DB87F2B006CCD66 /* TestProjectUITests.xctest */ = {isa = PBXFileReference; explicitFileType = wrapper.cfbundle; includeInIndex = 0; path = TestProjectUITests.xctest; sourceTree = BUILT_PRODUCTS_DIR; };
		26C977041DB87F2B006CCD66 /* TestProjectUITests.m */ = {isa = PBXFileReference; lastKnownFileType = sourcecode.c.objc; path = TestProjectUITests.m; sourceTree = "<group>"; };
		26C977061DB87F2B006CCD66 /* Info.plist */ = {isa = PBXFileReference; lastKnownFileType = text.plist.xml; path = Info.plist; sourceTree = "<group>"; };
		26C977171DB8838D006CCD66 /* testProject.pch */ = {isa = PBXFileReference; lastKnownFileType = sourcecode.c.h; path = testProject.pch; sourceTree = "<group>"; };
		26C9771A1DB8B610006CCD66 /* Tab2ViewController.h */ = {isa = PBXFileReference; fileEncoding = 4; lastKnownFileType = sourcecode.c.h; name = Tab2ViewController.h; path = TestProject/ViewController/Tab2ViewController.h; sourceTree = SOURCE_ROOT; };
		26C9771B1DB8B610006CCD66 /* Tab2ViewController.m */ = {isa = PBXFileReference; fileEncoding = 4; lastKnownFileType = sourcecode.c.objc; name = Tab2ViewController.m; path = TestProject/ViewController/Tab2ViewController.m; sourceTree = SOURCE_ROOT; };
		26C9771C1DB8B610006CCD66 /* Tab2ViewController.xib */ = {isa = PBXFileReference; fileEncoding = 4; lastKnownFileType = file.xib; name = Tab2ViewController.xib; path = TestProject/ViewController/Tab2ViewController.xib; sourceTree = SOURCE_ROOT; };
		26C9771F1DB8B622006CCD66 /* Tab3ViewController.h */ = {isa = PBXFileReference; fileEncoding = 4; lastKnownFileType = sourcecode.c.h; name = Tab3ViewController.h; path = TestProject/ViewController/Tab3ViewController.h; sourceTree = SOURCE_ROOT; };
		26C977201DB8B622006CCD66 /* Tab3ViewController.m */ = {isa = PBXFileReference; fileEncoding = 4; lastKnownFileType = sourcecode.c.objc; name = Tab3ViewController.m; path = TestProject/ViewController/Tab3ViewController.m; sourceTree = SOURCE_ROOT; };
		26C977211DB8B622006CCD66 /* Tab3ViewController.xib */ = {isa = PBXFileReference; fileEncoding = 4; lastKnownFileType = file.xib; name = Tab3ViewController.xib; path = TestProject/ViewController/Tab3ViewController.xib; sourceTree = SOURCE_ROOT; };
		26C977271DB8B694006CCD66 /* Tab4ViewController.h */ = {isa = PBXFileReference; fileEncoding = 4; lastKnownFileType = sourcecode.c.h; name = Tab4ViewController.h; path = TestProject/ViewController/Tab4ViewController.h; sourceTree = SOURCE_ROOT; };
		26C977281DB8B694006CCD66 /* Tab4ViewController.m */ = {isa = PBXFileReference; fileEncoding = 4; lastKnownFileType = sourcecode.c.objc; name = Tab4ViewController.m; path = TestProject/ViewController/Tab4ViewController.m; sourceTree = SOURCE_ROOT; };
		26C977291DB8B694006CCD66 /* Tab4ViewController.xib */ = {isa = PBXFileReference; fileEncoding = 4; lastKnownFileType = file.xib; name = Tab4ViewController.xib; path = TestProject/ViewController/Tab4ViewController.xib; sourceTree = SOURCE_ROOT; };
		26E1174F1DC0352D004F3565 /* Tab1ViewController.h */ = {isa = PBXFileReference; fileEncoding = 4; lastKnownFileType = sourcecode.c.h; name = Tab1ViewController.h; path = TestProject/Tab1ViewController.h; sourceTree = SOURCE_ROOT; };
		26E117501DC0352D004F3565 /* Tab1ViewController.m */ = {isa = PBXFileReference; fileEncoding = 4; lastKnownFileType = sourcecode.c.objc; name = Tab1ViewController.m; path = TestProject/Tab1ViewController.m; sourceTree = SOURCE_ROOT; };
		26E117511DC0352D004F3565 /* Tab1ViewController.xib */ = {isa = PBXFileReference; fileEncoding = 4; lastKnownFileType = file.xib; name = Tab1ViewController.xib; path = TestProject/Tab1ViewController.xib; sourceTree = SOURCE_ROOT; };
		26E117541DC0353F004F3565 /* TestTableViewCell.h */ = {isa = PBXFileReference; fileEncoding = 4; lastKnownFileType = sourcecode.c.h; name = TestTableViewCell.h; path = TestProject/ViewController/TestTableViewCell.h; sourceTree = SOURCE_ROOT; };
		26E117551DC0353F004F3565 /* TestTableViewCell.m */ = {isa = PBXFileReference; fileEncoding = 4; lastKnownFileType = sourcecode.c.objc; name = TestTableViewCell.m; path = TestProject/ViewController/TestTableViewCell.m; sourceTree = SOURCE_ROOT; };
		26E117561DC0353F004F3565 /* TestTableViewCell.xib */ = {isa = PBXFileReference; fileEncoding = 4; lastKnownFileType = file.xib; name = TestTableViewCell.xib; path = TestProject/ViewController/TestTableViewCell.xib; sourceTree = SOURCE_ROOT; };
		26E117591DC035EE004F3565 /* Tab3_1ViewController.h */ = {isa = PBXFileReference; fileEncoding = 4; lastKnownFileType = sourcecode.c.h; name = Tab3_1ViewController.h; path = TestProject/ViewController/Tab3_1ViewController.h; sourceTree = SOURCE_ROOT; };
		26E1175A1DC035EE004F3565 /* Tab3_1ViewController.m */ = {isa = PBXFileReference; fileEncoding = 4; lastKnownFileType = sourcecode.c.objc; name = Tab3_1ViewController.m; path = TestProject/ViewController/Tab3_1ViewController.m; sourceTree = SOURCE_ROOT; };
		26E1175B1DC035EE004F3565 /* Tab3_1ViewController.xib */ = {isa = PBXFileReference; fileEncoding = 4; lastKnownFileType = file.xib; name = Tab3_1ViewController.xib; path = TestProject/ViewController/Tab3_1ViewController.xib; sourceTree = SOURCE_ROOT; };
		26E117631DC1CA4A004F3565 /* libsqlite3.0.tbd */ = {isa = PBXFileReference; lastKnownFileType = "sourcecode.text-based-dylib-definition"; name = libsqlite3.0.tbd; path = usr/lib/libsqlite3.0.tbd; sourceTree = SDKROOT; };
		26E117681DC1CAB5004F3565 /* TestDBManager.h */ = {isa = PBXFileReference; fileEncoding = 4; lastKnownFileType = sourcecode.c.h; path = TestDBManager.h; sourceTree = "<group>"; };
		26E117691DC1CAB5004F3565 /* TestDBManager.m */ = {isa = PBXFileReference; fileEncoding = 4; lastKnownFileType = sourcecode.c.objc; path = TestDBManager.m; sourceTree = "<group>"; };
		26E1176A1DC1CAB5004F3565 /* TestDBTag.h */ = {isa = PBXFileReference; fileEncoding = 4; lastKnownFileType = sourcecode.c.h; path = TestDBTag.h; sourceTree = "<group>"; };
		26E1176D1DC1CAE0004F3565 /* FMDatabase.h */ = {isa = PBXFileReference; fileEncoding = 4; lastKnownFileType = sourcecode.c.h; path = FMDatabase.h; sourceTree = "<group>"; };
		26E1176E1DC1CAE0004F3565 /* FMDatabase.m */ = {isa = PBXFileReference; fileEncoding = 4; lastKnownFileType = sourcecode.c.objc; path = FMDatabase.m; sourceTree = "<group>"; };
		26E1176F1DC1CAE0004F3565 /* FMDatabaseAdditions.h */ = {isa = PBXFileReference; fileEncoding = 4; lastKnownFileType = sourcecode.c.h; path = FMDatabaseAdditions.h; sourceTree = "<group>"; };
		26E117701DC1CAE0004F3565 /* FMDatabaseAdditions.m */ = {isa = PBXFileReference; fileEncoding = 4; lastKnownFileType = sourcecode.c.objc; path = FMDatabaseAdditions.m; sourceTree = "<group>"; };
		26E117711DC1CAE0004F3565 /* FMDatabasePool.h */ = {isa = PBXFileReference; fileEncoding = 4; lastKnownFileType = sourcecode.c.h; path = FMDatabasePool.h; sourceTree = "<group>"; };
		26E117721DC1CAE0004F3565 /* FMDatabasePool.m */ = {isa = PBXFileReference; fileEncoding = 4; lastKnownFileType = sourcecode.c.objc; path = FMDatabasePool.m; sourceTree = "<group>"; };
		26E117731DC1CAE0004F3565 /* FMDatabaseQueue.h */ = {isa = PBXFileReference; fileEncoding = 4; lastKnownFileType = sourcecode.c.h; path = FMDatabaseQueue.h; sourceTree = "<group>"; };
		26E117741DC1CAE0004F3565 /* FMDatabaseQueue.m */ = {isa = PBXFileReference; fileEncoding = 4; lastKnownFileType = sourcecode.c.objc; path = FMDatabaseQueue.m; sourceTree = "<group>"; };
		26E117751DC1CAE0004F3565 /* FMDB.h */ = {isa = PBXFileReference; fileEncoding = 4; lastKnownFileType = sourcecode.c.h; path = FMDB.h; sourceTree = "<group>"; };
		26E117761DC1CAE0004F3565 /* FMResultSet.h */ = {isa = PBXFileReference; fileEncoding = 4; lastKnownFileType = sourcecode.c.h; path = FMResultSet.h; sourceTree = "<group>"; };
		26E117771DC1CAE0004F3565 /* FMResultSet.m */ = {isa = PBXFileReference; fileEncoding = 4; lastKnownFileType = sourcecode.c.objc; path = FMResultSet.m; sourceTree = "<group>"; };
/* End PBXFileReference section */

/* Begin PBXFrameworksBuildPhase section */
		26C976D91DB87F2B006CCD66 /* Frameworks */ = {
			isa = PBXFrameworksBuildPhase;
			buildActionMask = 2147483647;
			files = (
				26E117641DC1CA4A004F3565 /* libsqlite3.0.tbd in Frameworks */,
			);
			runOnlyForDeploymentPostprocessing = 0;
		};
		26C976F21DB87F2B006CCD66 /* Frameworks */ = {
			isa = PBXFrameworksBuildPhase;
			buildActionMask = 2147483647;
			files = (
			);
			runOnlyForDeploymentPostprocessing = 0;
		};
		26C976FD1DB87F2B006CCD66 /* Frameworks */ = {
			isa = PBXFrameworksBuildPhase;
			buildActionMask = 2147483647;
			files = (
			);
			runOnlyForDeploymentPostprocessing = 0;
		};
/* End PBXFrameworksBuildPhase section */

/* Begin PBXGroup section */
		26576F1A1DBF3E3D003C31CD /* Tab1 */ = {
			isa = PBXGroup;
			children = (
				26E1174F1DC0352D004F3565 /* Tab1ViewController.h */,
				26E117501DC0352D004F3565 /* Tab1ViewController.m */,
				26E117511DC0352D004F3565 /* Tab1ViewController.xib */,
			);
			path = Tab1;
			sourceTree = "<group>";
		};
		26576F1B1DBF3E3D003C31CD /* Tab2 */ = {
			isa = PBXGroup;
			children = (
				26C9771A1DB8B610006CCD66 /* Tab2ViewController.h */,
				26C9771B1DB8B610006CCD66 /* Tab2ViewController.m */,
				26C9771C1DB8B610006CCD66 /* Tab2ViewController.xib */,
				26576F101DBEED46003C31CD /* Tab2_1ViewController.h */,
				26576F111DBEED46003C31CD /* Tab2_1ViewController.m */,
				26576F121DBEED46003C31CD /* Tab2_1ViewController.xib */,
			);
			path = Tab2;
			sourceTree = "<group>";
		};
		26576F1C1DBF3E4D003C31CD /* Tab3 */ = {
			isa = PBXGroup;
			children = (
				26E117541DC0353F004F3565 /* TestTableViewCell.h */,
				26E117551DC0353F004F3565 /* TestTableViewCell.m */,
				26E117561DC0353F004F3565 /* TestTableViewCell.xib */,
				26C9771F1DB8B622006CCD66 /* Tab3ViewController.h */,
				26C977201DB8B622006CCD66 /* Tab3ViewController.m */,
				26C977211DB8B622006CCD66 /* Tab3ViewController.xib */,
				26E117591DC035EE004F3565 /* Tab3_1ViewController.h */,
				26E1175A1DC035EE004F3565 /* Tab3_1ViewController.m */,
				26E1175B1DC035EE004F3565 /* Tab3_1ViewController.xib */,
			);
			path = Tab3;
			sourceTree = "<group>";
		};
		26576F1D1DBF3E76003C31CD /* Tab4 */ = {
			isa = PBXGroup;
			children = (
				26C977271DB8B694006CCD66 /* Tab4ViewController.h */,
				26C977281DB8B694006CCD66 /* Tab4ViewController.m */,
				26C977291DB8B694006CCD66 /* Tab4ViewController.xib */,
			);
			path = Tab4;
			sourceTree = "<group>";
		};
		26C976D31DB87F2B006CCD66 = {
			isa = PBXGroup;
			children = (
				26C976DE1DB87F2B006CCD66 /* TestProject */,
				26C976F81DB87F2B006CCD66 /* TestProjectTests */,
				26C977031DB87F2B006CCD66 /* TestProjectUITests */,
				26C976DD1DB87F2B006CCD66 /* Products */,
				26E117621DC1CA49004F3565 /* Frameworks */,
			);
			sourceTree = "<group>";
		};
		26C976DD1DB87F2B006CCD66 /* Products */ = {
			isa = PBXGroup;
			children = (
				26C976DC1DB87F2B006CCD66 /* TestProject.app */,
				26C976F51DB87F2B006CCD66 /* TestProjectTests.xctest */,
				26C977001DB87F2B006CCD66 /* TestProjectUITests.xctest */,
			);
			name = Products;
			sourceTree = "<group>";
		};
		26C976DE1DB87F2B006CCD66 /* TestProject */ = {
			isa = PBXGroup;
			children = (
				26E1176C1DC1CAE0004F3565 /* fmdb */,
				26E117671DC1CAB5004F3565 /* DB */,
				26C977191DB89D6D006CCD66 /* ViewController */,
				26C976E21DB87F2B006CCD66 /* AppDelegate.h */,
				26C976E31DB87F2B006CCD66 /* AppDelegate.m */,
				26C976EB1DB87F2B006CCD66 /* Assets.xcassets */,
				26C976ED1DB87F2B006CCD66 /* LaunchScreen.storyboard */,
				26C976F01DB87F2B006CCD66 /* Info.plist */,
				26C976DF1DB87F2B006CCD66 /* Supporting Files */,
			);
			path = TestProject;
			sourceTree = "<group>";
		};
		26C976DF1DB87F2B006CCD66 /* Supporting Files */ = {
			isa = PBXGroup;
			children = (
				26C976E01DB87F2B006CCD66 /* main.m */,
				26C977171DB8838D006CCD66 /* testProject.pch */,
			);
			name = "Supporting Files";
			sourceTree = "<group>";
		};
		26C976F81DB87F2B006CCD66 /* TestProjectTests */ = {
			isa = PBXGroup;
			children = (
				26C976F91DB87F2B006CCD66 /* TestProjectTests.m */,
				26C976FB1DB87F2B006CCD66 /* Info.plist */,
			);
			path = TestProjectTests;
			sourceTree = "<group>";
		};
		26C977031DB87F2B006CCD66 /* TestProjectUITests */ = {
			isa = PBXGroup;
			children = (
				26C977041DB87F2B006CCD66 /* TestProjectUITests.m */,
				26C977061DB87F2B006CCD66 /* Info.plist */,
			);
			path = TestProjectUITests;
			sourceTree = "<group>";
		};
		26C977191DB89D6D006CCD66 /* ViewController */ = {
			isa = PBXGroup;
			children = (
				26576F1A1DBF3E3D003C31CD /* Tab1 */,
				26576F1B1DBF3E3D003C31CD /* Tab2 */,
				26576F1C1DBF3E4D003C31CD /* Tab3 */,
				26576F1D1DBF3E76003C31CD /* Tab4 */,
			);
			path = ViewController;
			sourceTree = "<group>";
		};
		26E117621DC1CA49004F3565 /* Frameworks */ = {
			isa = PBXGroup;
			children = (
				26E117631DC1CA4A004F3565 /* libsqlite3.0.tbd */,
			);
			name = Frameworks;
			sourceTree = "<group>";
		};
		26E117671DC1CAB5004F3565 /* DB */ = {
			isa = PBXGroup;
			children = (
				26E117681DC1CAB5004F3565 /* TestDBManager.h */,
				26E117691DC1CAB5004F3565 /* TestDBManager.m */,
				26E1176A1DC1CAB5004F3565 /* TestDBTag.h */,
			);
			path = DB;
			sourceTree = "<group>";
		};
		26E1176C1DC1CAE0004F3565 /* fmdb */ = {
			isa = PBXGroup;
			children = (
				26E1176D1DC1CAE0004F3565 /* FMDatabase.h */,
				26E1176E1DC1CAE0004F3565 /* FMDatabase.m */,
				26E1176F1DC1CAE0004F3565 /* FMDatabaseAdditions.h */,
				26E117701DC1CAE0004F3565 /* FMDatabaseAdditions.m */,
				26E117711DC1CAE0004F3565 /* FMDatabasePool.h */,
				26E117721DC1CAE0004F3565 /* FMDatabasePool.m */,
				26E117731DC1CAE0004F3565 /* FMDatabaseQueue.h */,
				26E117741DC1CAE0004F3565 /* FMDatabaseQueue.m */,
				26E117751DC1CAE0004F3565 /* FMDB.h */,
				26E117761DC1CAE0004F3565 /* FMResultSet.h */,
				26E117771DC1CAE0004F3565 /* FMResultSet.m */,
			);
			path = fmdb;
			sourceTree = "<group>";
		};
/* End PBXGroup section */

/* Begin PBXNativeTarget section */
		26C976DB1DB87F2B006CCD66 /* TestProject */ = {
			isa = PBXNativeTarget;
			buildConfigurationList = 26C977091DB87F2B006CCD66 /* Build configuration list for PBXNativeTarget "TestProject" */;
			buildPhases = (
				26C976D81DB87F2B006CCD66 /* Sources */,
				26C976D91DB87F2B006CCD66 /* Frameworks */,
				26C976DA1DB87F2B006CCD66 /* Resources */,
			);
			buildRules = (
			);
			dependencies = (
			);
			name = TestProject;
			productName = TestProject;
			productReference = 26C976DC1DB87F2B006CCD66 /* TestProject.app */;
			productType = "com.apple.product-type.application";
		};
		26C976F41DB87F2B006CCD66 /* TestProjectTests */ = {
			isa = PBXNativeTarget;
			buildConfigurationList = 26C9770C1DB87F2B006CCD66 /* Build configuration list for PBXNativeTarget "TestProjectTests" */;
			buildPhases = (
				26C976F11DB87F2B006CCD66 /* Sources */,
				26C976F21DB87F2B006CCD66 /* Frameworks */,
				26C976F31DB87F2B006CCD66 /* Resources */,
			);
			buildRules = (
			);
			dependencies = (
				26C976F71DB87F2B006CCD66 /* PBXTargetDependency */,
			);
			name = TestProjectTests;
			productName = TestProjectTests;
			productReference = 26C976F51DB87F2B006CCD66 /* TestProjectTests.xctest */;
			productType = "com.apple.product-type.bundle.unit-test";
		};
		26C976FF1DB87F2B006CCD66 /* TestProjectUITests */ = {
			isa = PBXNativeTarget;
			buildConfigurationList = 26C9770F1DB87F2B006CCD66 /* Build configuration list for PBXNativeTarget "TestProjectUITests" */;
			buildPhases = (
				26C976FC1DB87F2B006CCD66 /* Sources */,
				26C976FD1DB87F2B006CCD66 /* Frameworks */,
				26C976FE1DB87F2B006CCD66 /* Resources */,
			);
			buildRules = (
			);
			dependencies = (
				26C977021DB87F2B006CCD66 /* PBXTargetDependency */,
			);
			name = TestProjectUITests;
			productName = TestProjectUITests;
			productReference = 26C977001DB87F2B006CCD66 /* TestProjectUITests.xctest */;
			productType = "com.apple.product-type.bundle.ui-testing";
		};
/* End PBXNativeTarget section */

/* Begin PBXProject section */
		26C976D41DB87F2B006CCD66 /* Project object */ = {
			isa = PBXProject;
			attributes = {
				LastUpgradeCheck = 0800;
				ORGANIZATIONNAME = Infobank_mac;
				TargetAttributes = {
					26C976DB1DB87F2B006CCD66 = {
						CreatedOnToolsVersion = 8.0;
						ProvisioningStyle = Automatic;
					};
					26C976F41DB87F2B006CCD66 = {
						CreatedOnToolsVersion = 8.0;
						ProvisioningStyle = Automatic;
						TestTargetID = 26C976DB1DB87F2B006CCD66;
					};
					26C976FF1DB87F2B006CCD66 = {
						CreatedOnToolsVersion = 8.0;
						ProvisioningStyle = Automatic;
						TestTargetID = 26C976DB1DB87F2B006CCD66;
					};
				};
			};
			buildConfigurationList = 26C976D71DB87F2B006CCD66 /* Build configuration list for PBXProject "TestProject" */;
			compatibilityVersion = "Xcode 3.2";
			developmentRegion = English;
			hasScannedForEncodings = 0;
			knownRegions = (
				en,
				Base,
			);
			mainGroup = 26C976D31DB87F2B006CCD66;
			productRefGroup = 26C976DD1DB87F2B006CCD66 /* Products */;
			projectDirPath = "";
			projectRoot = "";
			targets = (
				26C976DB1DB87F2B006CCD66 /* TestProject */,
				26C976F41DB87F2B006CCD66 /* TestProjectTests */,
				26C976FF1DB87F2B006CCD66 /* TestProjectUITests */,
			);
		};
/* End PBXProject section */

/* Begin PBXResourcesBuildPhase section */
		26C976DA1DB87F2B006CCD66 /* Resources */ = {
			isa = PBXResourcesBuildPhase;
			buildActionMask = 2147483647;
			files = (
				26C976EF1DB87F2B006CCD66 /* LaunchScreen.storyboard in Resources */,
				26C976EC1DB87F2B006CCD66 /* Assets.xcassets in Resources */,
				26E1175D1DC035EE004F3565 /* Tab3_1ViewController.xib in Resources */,
				26E117581DC0353F004F3565 /* TestTableViewCell.xib in Resources */,
				26C977231DB8B622006CCD66 /* Tab3ViewController.xib in Resources */,
				26C9772B1DB8B694006CCD66 /* Tab4ViewController.xib in Resources */,
				26576F141DBEED46003C31CD /* Tab2_1ViewController.xib in Resources */,
				26C9771E1DB8B610006CCD66 /* Tab2ViewController.xib in Resources */,
				26E117531DC0352D004F3565 /* Tab1ViewController.xib in Resources */,
			);
			runOnlyForDeploymentPostprocessing = 0;
		};
		26C976F31DB87F2B006CCD66 /* Resources */ = {
			isa = PBXResourcesBuildPhase;
			buildActionMask = 2147483647;
			files = (
			);
			runOnlyForDeploymentPostprocessing = 0;
		};
		26C976FE1DB87F2B006CCD66 /* Resources */ = {
			isa = PBXResourcesBuildPhase;
			buildActionMask = 2147483647;
			files = (
			);
			runOnlyForDeploymentPostprocessing = 0;
		};
/* End PBXResourcesBuildPhase section */

/* Begin PBXSourcesBuildPhase section */
		26C976D81DB87F2B006CCD66 /* Sources */ = {
			isa = PBXSourcesBuildPhase;
			buildActionMask = 2147483647;
			files = (
				26C977221DB8B622006CCD66 /* Tab3ViewController.m in Sources */,
				26C976E41DB87F2B006CCD66 /* AppDelegate.m in Sources */,
				26E1177A1DC1CAE0004F3565 /* FMDatabasePool.m in Sources */,
				26E1177B1DC1CAE0004F3565 /* FMDatabaseQueue.m in Sources */,
				26C9772A1DB8B694006CCD66 /* Tab4ViewController.m in Sources */,
				26C976E11DB87F2B006CCD66 /* main.m in Sources */,
				26E117521DC0352D004F3565 /* Tab1ViewController.m in Sources */,
				26E1175C1DC035EE004F3565 /* Tab3_1ViewController.m in Sources */,
				26C9771D1DB8B610006CCD66 /* Tab2ViewController.m in Sources */,
				26E1177C1DC1CAE0004F3565 /* FMResultSet.m in Sources */,
				26E117571DC0353F004F3565 /* TestTableViewCell.m in Sources */,
				26576F131DBEED46003C31CD /* Tab2_1ViewController.m in Sources */,
				26E117781DC1CAE0004F3565 /* FMDatabase.m in Sources */,
				26E1176B1DC1CAB5004F3565 /* TestDBManager.m in Sources */,
				26E117791DC1CAE0004F3565 /* FMDatabaseAdditions.m in Sources */,
			);
			runOnlyForDeploymentPostprocessing = 0;
		};
		26C976F11DB87F2B006CCD66 /* Sources */ = {
			isa = PBXSourcesBuildPhase;
			buildActionMask = 2147483647;
			files = (
				26C976FA1DB87F2B006CCD66 /* TestProjectTests.m in Sources */,
			);
			runOnlyForDeploymentPostprocessing = 0;
		};
		26C976FC1DB87F2B006CCD66 /* Sources */ = {
			isa = PBXSourcesBuildPhase;
			buildActionMask = 2147483647;
			files = (
				26C977051DB87F2B006CCD66 /* TestProjectUITests.m in Sources */,
			);
			runOnlyForDeploymentPostprocessing = 0;
		};
/* End PBXSourcesBuildPhase section */

/* Begin PBXTargetDependency section */
		26C976F71DB87F2B006CCD66 /* PBXTargetDependency */ = {
			isa = PBXTargetDependency;
			target = 26C976DB1DB87F2B006CCD66 /* TestProject */;
			targetProxy = 26C976F61DB87F2B006CCD66 /* PBXContainerItemProxy */;
		};
		26C977021DB87F2B006CCD66 /* PBXTargetDependency */ = {
			isa = PBXTargetDependency;
			target = 26C976DB1DB87F2B006CCD66 /* TestProject */;
			targetProxy = 26C977011DB87F2B006CCD66 /* PBXContainerItemProxy */;
		};
/* End PBXTargetDependency section */

/* Begin PBXVariantGroup section */
		26C976ED1DB87F2B006CCD66 /* LaunchScreen.storyboard */ = {
			isa = PBXVariantGroup;
			children = (
				26C976EE1DB87F2B006CCD66 /* Base */,
			);
			name = LaunchScreen.storyboard;
			sourceTree = "<group>";
		};
/* End PBXVariantGroup section */

/* Begin XCBuildConfiguration section */
		26C977071DB87F2B006CCD66 /* Debug */ = {
			isa = XCBuildConfiguration;
			buildSettings = {
				ALWAYS_SEARCH_USER_PATHS = NO;
				CLANG_ANALYZER_NONNULL = YES;
				CLANG_CXX_LANGUAGE_STANDARD = "gnu++0x";
				CLANG_CXX_LIBRARY = "libc++";
				CLANG_ENABLE_MODULES = YES;
				CLANG_ENABLE_OBJC_ARC = YES;
				CLANG_WARN_BOOL_CONVERSION = YES;
				CLANG_WARN_CONSTANT_CONVERSION = YES;
				CLANG_WARN_DIRECT_OBJC_ISA_USAGE = YES_ERROR;
				CLANG_WARN_DOCUMENTATION_COMMENTS = YES;
				CLANG_WARN_EMPTY_BODY = YES;
				CLANG_WARN_ENUM_CONVERSION = YES;
				CLANG_WARN_INFINITE_RECURSION = YES;
				CLANG_WARN_INT_CONVERSION = YES;
				CLANG_WARN_OBJC_ROOT_CLASS = YES_ERROR;
				CLANG_WARN_SUSPICIOUS_MOVES = YES;
				CLANG_WARN_UNREACHABLE_CODE = YES;
				CLANG_WARN__DUPLICATE_METHOD_MATCH = YES;
				"CODE_SIGN_IDENTITY[sdk=iphoneos*]" = "iPhone Developer";
				COPY_PHASE_STRIP = NO;
				DEBUG_INFORMATION_FORMAT = dwarf;
				ENABLE_STRICT_OBJC_MSGSEND = YES;
				ENABLE_TESTABILITY = YES;
				GCC_C_LANGUAGE_STANDARD = gnu99;
				GCC_DYNAMIC_NO_PIC = NO;
				GCC_NO_COMMON_BLOCKS = YES;
				GCC_OPTIMIZATION_LEVEL = 0;
				GCC_PRECOMPILE_PREFIX_HEADER = YES;
				GCC_PREFIX_HEADER = "$(SRCROOT)/TestProject/testProject.pch";
				GCC_PREPROCESSOR_DEFINITIONS = (
					"DEBUG=1",
					"$(inherited)",
				);
				GCC_WARN_64_TO_32_BIT_CONVERSION = YES;
				GCC_WARN_ABOUT_RETURN_TYPE = YES_ERROR;
				GCC_WARN_UNDECLARED_SELECTOR = YES;
				GCC_WARN_UNINITIALIZED_AUTOS = YES_AGGRESSIVE;
				GCC_WARN_UNUSED_FUNCTION = YES;
				GCC_WARN_UNUSED_VARIABLE = YES;
				IPHONEOS_DEPLOYMENT_TARGET = 10.0;
				MTL_ENABLE_DEBUG_INFO = YES;
				ONLY_ACTIVE_ARCH = YES;
				SDKROOT = iphoneos;
			};
			name = Debug;
		};
		26C977081DB87F2B006CCD66 /* Release */ = {
			isa = XCBuildConfiguration;
			buildSettings = {
				ALWAYS_SEARCH_USER_PATHS = NO;
				CLANG_ANALYZER_NONNULL = YES;
				CLANG_CXX_LANGUAGE_STANDARD = "gnu++0x";
				CLANG_CXX_LIBRARY = "libc++";
				CLANG_ENABLE_MODULES = YES;
				CLANG_ENABLE_OBJC_ARC = YES;
				CLANG_WARN_BOOL_CONVERSION = YES;
				CLANG_WARN_CONSTANT_CONVERSION = YES;
				CLANG_WARN_DIRECT_OBJC_ISA_USAGE = YES_ERROR;
				CLANG_WARN_DOCUMENTATION_COMMENTS = YES;
				CLANG_WARN_EMPTY_BODY = YES;
				CLANG_WARN_ENUM_CONVERSION = YES;
				CLANG_WARN_INFINITE_RECURSION = YES;
				CLANG_WARN_INT_CONVERSION = YES;
				CLANG_WARN_OBJC_ROOT_CLASS = YES_ERROR;
				CLANG_WARN_SUSPICIOUS_MOVES = YES;
				CLANG_WARN_UNREACHABLE_CODE = YES;
				CLANG_WARN__DUPLICATE_METHOD_MATCH = YES;
				"CODE_SIGN_IDENTITY[sdk=iphoneos*]" = "iPhone Developer";
				COPY_PHASE_STRIP = NO;
				DEBUG_INFORMATION_FORMAT = "dwarf-with-dsym";
				ENABLE_NS_ASSERTIONS = NO;
				ENABLE_STRICT_OBJC_MSGSEND = YES;
				GCC_C_LANGUAGE_STANDARD = gnu99;
				GCC_NO_COMMON_BLOCKS = YES;
				GCC_PRECOMPILE_PREFIX_HEADER = YES;
				GCC_PREFIX_HEADER = "$(SRCROOT)/TestProject/testProject.pch";
				GCC_WARN_64_TO_32_BIT_CONVERSION = YES;
				GCC_WARN_ABOUT_RETURN_TYPE = YES_ERROR;
				GCC_WARN_UNDECLARED_SELECTOR = YES;
				GCC_WARN_UNINITIALIZED_AUTOS = YES_AGGRESSIVE;
				GCC_WARN_UNUSED_FUNCTION = YES;
				GCC_WARN_UNUSED_VARIABLE = YES;
				IPHONEOS_DEPLOYMENT_TARGET = 10.0;
				MTL_ENABLE_DEBUG_INFO = NO;
				SDKROOT = iphoneos;
				VALIDATE_PRODUCT = YES;
			};
			name = Release;
		};
		26C9770A1DB87F2B006CCD66 /* Debug */ = {
			isa = XCBuildConfiguration;
			buildSettings = {
				ASSETCATALOG_COMPILER_APPICON_NAME = AppIcon;
				GCC_PRECOMPILE_PREFIX_HEADER = YES;
				INFOPLIST_FILE = TestProject/Info.plist;
				LD_RUNPATH_SEARCH_PATHS = "$(inherited) @executable_path/Frameworks";
				PRODUCT_BUNDLE_IDENTIFIER = hyundee.TestProject;
				PRODUCT_NAME = "$(TARGET_NAME)";
			};
			name = Debug;
		};
		26C9770B1DB87F2B006CCD66 /* Release */ = {
			isa = XCBuildConfiguration;
			buildSettings = {
				ASSETCATALOG_COMPILER_APPICON_NAME = AppIcon;
				GCC_PRECOMPILE_PREFIX_HEADER = YES;
				INFOPLIST_FILE = TestProject/Info.plist;
				LD_RUNPATH_SEARCH_PATHS = "$(inherited) @executable_path/Frameworks";
				PRODUCT_BUNDLE_IDENTIFIER = hyundee.TestProject;
				PRODUCT_NAME = "$(TARGET_NAME)";
			};
			name = Release;
		};
		26C9770D1DB87F2B006CCD66 /* Debug */ = {
			isa = XCBuildConfiguration;
			buildSettings = {
				BUNDLE_LOADER = "$(TEST_HOST)";
				INFOPLIST_FILE = TestProjectTests/Info.plist;
				LD_RUNPATH_SEARCH_PATHS = "$(inherited) @executable_path/Frameworks @loader_path/Frameworks";
				PRODUCT_BUNDLE_IDENTIFIER = hyundee.TestProjectTests;
				PRODUCT_NAME = "$(TARGET_NAME)";
				TEST_HOST = "$(BUILT_PRODUCTS_DIR)/TestProject.app/TestProject";
			};
			name = Debug;
		};
		26C9770E1DB87F2B006CCD66 /* Release */ = {
			isa = XCBuildConfiguration;
			buildSettings = {
				BUNDLE_LOADER = "$(TEST_HOST)";
				INFOPLIST_FILE = TestProjectTests/Info.plist;
				LD_RUNPATH_SEARCH_PATHS = "$(inherited) @executable_path/Frameworks @loader_path/Frameworks";
				PRODUCT_BUNDLE_IDENTIFIER = hyundee.TestProjectTests;
				PRODUCT_NAME = "$(TARGET_NAME)";
				TEST_HOST = "$(BUILT_PRODUCTS_DIR)/TestProject.app/TestProject";
			};
			name = Release;
		};
		26C977101DB87F2B006CCD66 /* Debug */ = {
			isa = XCBuildConfiguration;
			buildSettings = {
				INFOPLIST_FILE = TestProjectUITests/Info.plist;
				LD_RUNPATH_SEARCH_PATHS = "$(inherited) @executable_path/Frameworks @loader_path/Frameworks";
				PRODUCT_BUNDLE_IDENTIFIER = hyundee.TestProjectUITests;
				PRODUCT_NAME = "$(TARGET_NAME)";
				TEST_TARGET_NAME = TestProject;
			};
			name = Debug;
		};
		26C977111DB87F2B006CCD66 /* Release */ = {
			isa = XCBuildConfiguration;
			buildSettings = {
				INFOPLIST_FILE = TestProjectUITests/Info.plist;
				LD_RUNPATH_SEARCH_PATHS = "$(inherited) @executable_path/Frameworks @loader_path/Frameworks";
				PRODUCT_BUNDLE_IDENTIFIER = hyundee.TestProjectUITests;
				PRODUCT_NAME = "$(TARGET_NAME)";
				TEST_TARGET_NAME = TestProject;
			};
			name = Release;
		};
/* End XCBuildConfiguration section */

/* Begin XCConfigurationList section */
		26C976D71DB87F2B006CCD66 /* Build configuration list for PBXProject "TestProject" */ = {
			isa = XCConfigurationList;
			buildConfigurations = (
				26C977071DB87F2B006CCD66 /* Debug */,
				26C977081DB87F2B006CCD66 /* Release */,
			);
			defaultConfigurationIsVisible = 0;
			defaultConfigurationName = Release;
		};
		26C977091DB87F2B006CCD66 /* Build configuration list for PBXNativeTarget "TestProject" */ = {
			isa = XCConfigurationList;
			buildConfigurations = (
				26C9770A1DB87F2B006CCD66 /* Debug */,
				26C9770B1DB87F2B006CCD66 /* Release */,
			);
			defaultConfigurationIsVisible = 0;
			defaultConfigurationName = Release;
		};
		26C9770C1DB87F2B006CCD66 /* Build configuration list for PBXNativeTarget "TestProjectTests" */ = {
			isa = XCConfigurationList;
			buildConfigurations = (
				26C9770D1DB87F2B006CCD66 /* Debug */,
				26C9770E1DB87F2B006CCD66 /* Release */,
			);
			defaultConfigurationIsVisible = 0;
			defaultConfigurationName = Release;
		};
		26C9770F1DB87F2B006CCD66 /* Build configuration list for PBXNativeTarget "TestProjectUITests" */ = {
			isa = XCConfigurationList;
			buildConfigurations = (
				26C977101DB87F2B006CCD66 /* Debug */,
				26C977111DB87F2B006CCD66 /* Release */,
			);
			defaultConfigurationIsVisible = 0;
			defaultConfigurationName = Release;
		};
/* End XCConfigurationList section */
	};
	rootObject = 26C976D41DB87F2B006CCD66 /* Project object */;
}
